
Microsoft Visual Studio Solution File, Format Version 12.00
# Visual Studio Version 16
VisualStudioVersion = 16.0.29806.167
MinimumVisualStudioVersion = 10.0.40219.1
Project("{FAE04EC0-301F-11D3-BF4B-00C04F79EFBC}") = "Program_02", "Program_02\Program_02.csproj", "{AB28A9D0-37A5-46C9-8A62-A70F7994ADE3}"
EndProject
Global
	GlobalSection(SolutionConfigurationPlatforms) = preSolution
		Debug|Any CPU = Debug|Any CPU
		Release|Any CPU = Release|Any CPU
	EndGlobalSection
	GlobalSection(ProjectConfigurationPlatforms) = postSolution
		{AB28A9D0-37A5-46C9-8A62-A70F7994ADE3}.Debug|Any CPU.ActiveCfg = Debug|Any CPU
		{AB28A9D0-37A5-46C9-8A62-A70F7994ADE3}.Debug|Any CPU.Build.0 = Debug|Any CPU
		{AB28A9D0-37A5-46C9-8A62-A70F7994ADE3}.Release|Any CPU.ActiveCfg = Release|Any CPU
		{AB28A9D0-37A5-46C9-8A62-A70F7994ADE3}.Release|Any CPU.Build.0 = Release|Any CPU
	EndGlobalSection
	GlobalSection(SolutionProperties) = preSolution
		HideSolutionNode = FALSE
	EndGlobalSection
	GlobalSection(ExtensibilityGlobals) = postSolution
		SolutionGuid = {8CF2C249-48E7-4A86-958F-29A9FCB5080B}
	EndGlobalSection
EndGlobal
